
Microsoft Visual Studio Solution File, Format Version 12.00
# Visual Studio Version 16
VisualStudioVersion = 16.0.33529.622
MinimumVisualStudioVersion = 10.0.40219.1
Project("{FAE04EC0-301F-11D3-BF4B-00C04F79EFBC}") = "MercuryStore", "MercuryStore\MercuryStore.csproj", "{08795F4C-E6DF-4670-84B7-EC257F5AE5F1}"
EndProject
Global
	GlobalSection(SolutionConfigurationPlatforms) = preSolution
		Debug|Any CPU = Debug|Any CPU
		Debug|x64 = Debug|x64
		Release|Any CPU = Release|Any CPU
		Release|x64 = Release|x64
	EndGlobalSection
	GlobalSection(ProjectConfigurationPlatforms) = postSolution
		{08795F4C-E6DF-4670-84B7-EC257F5AE5F1}.Debug|Any CPU.ActiveCfg = Debug|Any CPU
		{08795F4C-E6DF-4670-84B7-EC257F5AE5F1}.Debug|Any CPU.Build.0 = Debug|Any CPU
		{08795F4C-E6DF-4670-84B7-EC257F5AE5F1}.Debug|x64.ActiveCfg = Debug|x64
		{08795F4C-E6DF-4670-84B7-EC257F5AE5F1}.Debug|x64.Build.0 = Debug|x64
		{08795F4C-E6DF-4670-84B7-EC257F5AE5F1}.Release|Any CPU.ActiveCfg = Release|Any CPU
		{08795F4C-E6DF-4670-84B7-EC257F5AE5F1}.Release|Any CPU.Build.0 = Release|Any CPU
		{08795F4C-E6DF-4670-84B7-EC257F5AE5F1}.Release|x64.ActiveCfg = Release|x64
		{08795F4C-E6DF-4670-84B7-EC257F5AE5F1}.Release|x64.Build.0 = Release|x64
	EndGlobalSection
	GlobalSection(SolutionProperties) = preSolution
		HideSolutionNode = FALSE
	EndGlobalSection
	GlobalSection(ExtensibilityGlobals) = postSolution
		SolutionGuid = {38EEB581-D722-4783-BAEE-5869E9A5CBA4}
	EndGlobalSection
EndGlobal
